github.com/BurntSushi/toml v0.3.1 h1:WXkYYl6Yr3qBf1K79EBnL4mak0OimBfB0XUf9Vl28OQ=
github.com/BurntSushi/toml v0.3.1/go.mod h1:xHWCNGjB5oqiDr8zfno3MHue2Ht5sIBksp03qcyfWMU=
github.com/agiledragon/gomonkey v2.0.2+incompatible h1:eXKi9/piiC3cjJD1658mEE2o3NjkJ5vDLgYjCQu0Xlw=
github.com/agiledragon/gomonkey v2.0.2+incompatible/go.mod h1:2NGfXu1a80LLr2cmWXGBDaHEjb1idR6+FVlX5T3D9hw=
